<?xml version="1.0" encoding="utf-8"?>
<Project ToolsVersion="4.0" xmlns="http://schemas.microsoft.com/developer/msbuild/2003">
  <ItemGroup>
    <Filter Include="Source Files">
      <UniqueIdentifier>{4FC737F1-C7A5-4376-A066-2A32D752A2FF}</UniqueIdentifier>
      <Extensions>cpp;c;cc;cxx;c++;cppm;ixx;def;odl;idl;hpj;bat;asm;asmx</Extensions>
    </Filter>
    <Filter Include="Header Files">
      <UniqueIdentifier>{93995380-89BD-4b04-88EB-625FBE52EBFB}</UniqueIdentifier>
      <Extensions>h;hh;hpp;hxx;h++;hm;inl;inc;ipp;xsd</Extensions>
    </Filter>
    <Filter Include="Resource Files">
      <UniqueIdentifier>{67DA6AB6-F800-4c08-8B7A-83BB121AAD01}</UniqueIdentifier>
      <Extensions>rc;ico;cur;bmp;dlg;rc2;rct;bin;rgs;gif;jpg;jpeg;jpe;resx;tiff;tif;png;wav;mfcribbon-ms</Extensions>
    </Filter>
    <Filter Include="journal">
      <UniqueIdentifier>{b0213fc2-69ad-415e-981a-f74a1f10bc49}</UniqueIdentifier>
    </Filter>
  </ItemGroup>
  <ItemGroup>
    <Text Include="YasEngineNotes.txt">
      <Filter>Resource Files</Filter>
    </Text>
    <Text Include="yasengine_dev_journal.txt" />
  </ItemGroup>
  <ItemGroup>
    <ClInclude Include="matrix_4_4.hpp">
      <Filter>Header Files</Filter>
    </ClInclude>
    <ClInclude Include="pixels_table.hpp">
      <Filter>Header Files</Filter>
    </ClInclude>
    <ClInclude Include="polygon_2d.hpp">
      <Filter>Header Files</Filter>
    </ClInclude>
    <ClInclude Include="projector.hpp">
      <Filter>Header Files</Filter>
    </ClInclude>
    <ClInclude Include="renderer.hpp">
      <Filter>Header Files</Filter>
    </ClInclude>
    <ClInclude Include="graphic_object.hpp">
      <Filter>Header Files</Filter>
    </ClInclude>
    <ClInclude Include="time_picker.hpp">
      <Filter>Header Files</Filter>
    </ClInclude>
    <ClInclude Include="vector_2d.hpp">
      <Filter>Header Files</Filter>
    </ClInclude>
    <ClInclude Include="vector_3d.hpp">
      <Filter>Header Files</Filter>
    </ClInclude>
    <ClInclude Include="vector_4d.hpp">
      <Filter>Header Files</Filter>
    </ClInclude>
    <ClInclude Include="yas_application.hpp">
      <Filter>Header Files</Filter>
    </ClInclude>
    <ClInclude Include="yas_math.hpp">
      <Filter>Header Files</Filter>
    </ClInclude>
    <ClInclude Include="camera.hpp">
      <Filter>Header Files</Filter>
    </ClInclude>
    <ClInclude Include="edge_4d.hpp">
      <Filter>Header Files</Filter>
    </ClInclude>
    <ClInclude Include="edge_2d.hpp">
      <Filter>Header Files</Filter>
    </ClInclude>
  </ItemGroup>
  <ItemGroup>
    <ClCompile Include="main.cpp">
      <Filter>Source Files</Filter>
    </ClCompile>
    <ClCompile Include="pixels_table.cpp">
      <Filter>Source Files</Filter>
    </ClCompile>
    <ClCompile Include="renderer.cpp">
      <Filter>Source Files</Filter>
    </ClCompile>
    <ClCompile Include="time_picker.cpp">
      <Filter>Source Files</Filter>
    </ClCompile>
    <ClCompile Include="yas_application.cpp">
      <Filter>Source Files</Filter>
    </ClCompile>
  </ItemGroup>
</Project>